{
  "name": "explore_node2vec",
  "lockfileVersion": 2,
  "requires": true,
  "packages": {
    "": {
      "dependencies": {
        "for-each-line": "^1.0.0",
        "ngraph.generators": "^19.3.1",
        "ngraph.graph": "^19.1.0",
        "ngraph.random": "^1.1.0"
      },
      "devDependencies": {
        "miserables": "^2.0.0"
      }
    },
    "node_modules/for-each-line": {
      "version": "1.0.0",
      "resolved": "https://registry.npmjs.org/for-each-line/-/for-each-line-1.0.0.tgz",
      "integrity": "sha1-6PjL9gdo4kIwH+AtC2g7higH5NM="
    },
    "node_modules/miserables": {
      "version": "2.0.0",
      "resolved": "https://registry.npmjs.org/miserables/-/miserables-2.0.0.tgz",
      "integrity": "sha512-J+4obMHbesciklE0SoVy4EJFsgeBW2RsRzrhBWGFhpBDcxCSJ3igSzDVz8SUaPx5PQaduImkt5UWus2Yx0a5/A==",
      "dev": true,
      "dependencies": {
        "ngraph.graph": "^19.1.0"
      }
    },
    "node_modules/ngraph.events": {
      "version": "1.2.1",
      "resolved": "https://registry.npmjs.org/ngraph.events/-/ngraph.events-1.2.1.tgz",
      "integrity": "sha512-D4C+nXH/RFxioGXQdHu8ELDtC6EaCiNsZtih0IvyGN81OZSUby4jXoJ5+RNWasfsd0FnKxxpAROyUMzw64QNsw=="
    },
    "node_modules/ngraph.generators": {
      "version": "19.3.1",
      "resolved": "https://registry.npmjs.org/ngraph.generators/-/ngraph.generators-19.3.1.tgz",
      "integrity": "sha512-fvWtbCDE5/6aJIEOXOD1cE0vVCWCsROVqXPxD5Pe4RspeFz6tdr37ZkwpT+nUEp80i3fQ7aAlYMMLhEpO/7jgg==",
      "dependencies": {
        "ngraph.graph": "^19.1.0",
        "ngraph.random": "^1.0.0"
      }
    },
    "node_modules/ngraph.graph": {
      "version": "19.1.0",
      "resolved": "https://registry.npmjs.org/ngraph.graph/-/ngraph.graph-19.1.0.tgz",
      "integrity": "sha512-9cws84qfPkrYa7BaBtT+KgZfLXrd6pNL9Gl5Do+MBO/0Hm6rOM7qK78MZaO1uEoIK6p2pgUs6lu29zn/6tP59w==",
      "dependencies": {
        "ngraph.events": "^1.2.1"
      }
    },
    "node_modules/ngraph.random": {
      "version": "1.1.0",
      "resolved": "https://registry.npmjs.org/ngraph.random/-/ngraph.random-1.1.0.tgz",
      "integrity": "sha512-h25UdUN/g8U7y29TzQtRm/GvGr70lK37yQPvPKXXuVfs7gCm82WipYFZcksQfeKumtOemAzBIcT7lzzyK/edLw=="
    }
  },
  "dependencies": {
    "for-each-line": {
      "version": "1.0.0",
      "resolved": "https://registry.npmjs.org/for-each-line/-/for-each-line-1.0.0.tgz",
      "integrity": "sha1-6PjL9gdo4kIwH+AtC2g7higH5NM="
    },
    "miserables": {
      "version": "2.0.0",
      "resolved": "https://registry.npmjs.org/miserables/-/miserables-2.0.0.tgz",
      "integrity": "sha512-J+4obMHbesciklE0SoVy4EJFsgeBW2RsRzrhBWGFhpBDcxCSJ3igSzDVz8SUaPx5PQaduImkt5UWus2Yx0a5/A==",
      "dev": true,
      "requires": {
        "ngraph.graph": "^19.1.0"
      }
    },
    "ngraph.events": {
      "version": "1.2.1",
      "resolved": "https://registry.npmjs.org/ngraph.events/-/ngraph.events-1.2.1.tgz",
      "integrity": "sha512-D4C+nXH/RFxioGXQdHu8ELDtC6EaCiNsZtih0IvyGN81OZSUby4jXoJ5+RNWasfsd0FnKxxpAROyUMzw64QNsw=="
    },
    "ngraph.generators": {
      "version": "19.3.1",
      "resolved": "https://registry.npmjs.org/ngraph.generators/-/ngraph.generators-19.3.1.tgz",
      "integrity": "sha512-fvWtbCDE5/6aJIEOXOD1cE0vVCWCsROVqXPxD5Pe4RspeFz6tdr37ZkwpT+nUEp80i3fQ7aAlYMMLhEpO/7jgg==",
      "requires": {
        "ngraph.graph": "^19.1.0",
        "ngraph.random": "^1.0.0"
      }
    },
    "ngraph.graph": {
      "version": "19.1.0",
      "resolved": "https://registry.npmjs.org/ngraph.graph/-/ngraph.graph-19.1.0.tgz",
      "integrity": "sha512-9cws84qfPkrYa7BaBtT+KgZfLXrd6pNL9Gl5Do+MBO/0Hm6rOM7qK78MZaO1uEoIK6p2pgUs6lu29zn/6tP59w==",
      "requires": {
        "ngraph.events": "^1.2.1"
      }
    },
    "ngraph.random": {
      "version": "1.1.0",
      "resolved": "https://registry.npmjs.org/ngraph.random/-/ngraph.random-1.1.0.tgz",
      "integrity": "sha512-h25UdUN/g8U7y29TzQtRm/GvGr70lK37yQPvPKXXuVfs7gCm82WipYFZcksQfeKumtOemAzBIcT7lzzyK/edLw=="
    }
  }
}
